# THIS IS AN AUTOGENERATED FILE. DO NOT EDIT THIS FILE DIRECTLY.
# yarn lockfile v1


react-secret-codes@^1.0.1:
  version "1.0.1"
  resolved "https://registry.yarnpkg.com/react-secret-codes/-/react-secret-codes-1.0.1.tgz#6867c17e1d04c5301a5afb42a84235adae7d43a9"
  integrity sha512-8lsz3woMMbA1NKe3Y1zmm6FRfViGOthODljllrejd8J6QOo901/h9ekVMNQSV0yl7bC4GSllu45Jxb8QIpjfPA==
